# THIS IS AN AUTOGENERATED FILE. DO NOT EDIT THIS FILE DIRECTLY.
# yarn lockfile v1


"@cloudflare/workers-types@^3.14.1":
  version "3.18.0"
  resolved "https://registry.yarnpkg.com/@cloudflare/workers-types/-/workers-types-3.18.0.tgz#b4177cbe9306d7df4654db594d6e77c036341d2e"
  integrity sha512-ehKOJVLMeR+tZkYhWEaLYQxl0TaIZu/kE86HF3/RidR8Xv5LuQxpbh+XXAoKVqsaphWLhIgBhgnlN5HGdheXSQ==

"@types/node@^18.7.15":
  version "18.11.18"
  resolved "https://registry.yarnpkg.com/@types/node/-/node-18.11.18.tgz#8dfb97f0da23c2293e554c5a50d61ef134d7697f"
  integrity sha512-DHQpWGjyQKSHj3ebjFI/wRKcqQcdR+MoFBygntYOZytCqNfkd2ZC4ARDJ2DQqhjH5p85Nnd3jhUJIXrszFX/JA==

typescript@^4.6.4:
  version "4.9.4"
  resolved "https://registry.yarnpkg.com/typescript/-/typescript-4.9.4.tgz#a2a3d2756c079abda241d75f149df9d561091e78"
  integrity sha512-Uz+dTXYzxXXbsFpM86Wh3dKCxrQqUcVMxwU54orwlJjOpO3ao8L7j5lH+dWfTwgCwIuM9GQ2kvVotzYJMXTBZg==

writable-dom@^1.0.2:
  version "1.0.3"
  resolved "https://registry.yarnpkg.com/writable-dom/-/writable-dom-1.0.3.tgz#9e94435a7339c08d910afbe17bdd627186641ea7"
  integrity sha512-cZ00t/f1vDv7ieq6Sjy5nwjvhh9hZu1XC3YY/zKkX8CxKU7DVBWyKbKME1y5Uex8GUpwpyTBLkeRQ9VJAuGrJQ==
